
Microsoft Visual Studio Solution File, Format Version 12.00
# Visual Studio Version 17
VisualStudioVersion = 17.5.33414.496
MinimumVisualStudioVersion = 10.0.40219.1
Project("{9A19103F-16F7-4668-BE54-9A1E7A4F7556}") = "Entities", "Entities\Entities.csproj", "{7B47701C-33F2-40BA-A99C-C7CA7A5B7948}"
EndProject
Project("{9A19103F-16F7-4668-BE54-9A1E7A4F7556}") = "Repository", "Repository\Repository.csproj", "{51218450-0FD2-4812-A1B7-34D6550C5475}"
EndProject
Project("{9A19103F-16F7-4668-BE54-9A1E7A4F7556}") = "Contraacts", "Contraacts\Contraacts.csproj", "{131D48A1-AAAE-49B6-8018-27A377CA282A}"
EndProject
Project("{9A19103F-16F7-4668-BE54-9A1E7A4F7556}") = "TrainingSystem", "TrainingSystem\TrainingSystem.csproj", "{6CE33C0E-04C8-472D-9CF5-B05BC76061D1}"
EndProject
Project("{9A19103F-16F7-4668-BE54-9A1E7A4F7556}") = "LoggingService", "LoggingService\LoggingService.csproj", "{4D00D12E-000C-4F86-9DD8-87DFD96783A0}"
EndProject
Global
	GlobalSection(SolutionConfigurationPlatforms) = preSolution
		Debug|Any CPU = Debug|Any CPU
		Release|Any CPU = Release|Any CPU
	EndGlobalSection
	GlobalSection(ProjectConfigurationPlatforms) = postSolution
		{7B47701C-33F2-40BA-A99C-C7CA7A5B7948}.Debug|Any CPU.ActiveCfg = Debug|Any CPU
		{7B47701C-33F2-40BA-A99C-C7CA7A5B7948}.Debug|Any CPU.Build.0 = Debug|Any CPU
		{7B47701C-33F2-40BA-A99C-C7CA7A5B7948}.Release|Any CPU.ActiveCfg = Release|Any CPU
		{7B47701C-33F2-40BA-A99C-C7CA7A5B7948}.Release|Any CPU.Build.0 = Release|Any CPU
		{51218450-0FD2-4812-A1B7-34D6550C5475}.Debug|Any CPU.ActiveCfg = Debug|Any CPU
		{51218450-0FD2-4812-A1B7-34D6550C5475}.Debug|Any CPU.Build.0 = Debug|Any CPU
		{51218450-0FD2-4812-A1B7-34D6550C5475}.Release|Any CPU.ActiveCfg = Release|Any CPU
		{51218450-0FD2-4812-A1B7-34D6550C5475}.Release|Any CPU.Build.0 = Release|Any CPU
		{131D48A1-AAAE-49B6-8018-27A377CA282A}.Debug|Any CPU.ActiveCfg = Debug|Any CPU
		{131D48A1-AAAE-49B6-8018-27A377CA282A}.Debug|Any CPU.Build.0 = Debug|Any CPU
		{131D48A1-AAAE-49B6-8018-27A377CA282A}.Release|Any CPU.ActiveCfg = Release|Any CPU
		{131D48A1-AAAE-49B6-8018-27A377CA282A}.Release|Any CPU.Build.0 = Release|Any CPU
		{6CE33C0E-04C8-472D-9CF5-B05BC76061D1}.Debug|Any CPU.ActiveCfg = Debug|Any CPU
		{6CE33C0E-04C8-472D-9CF5-B05BC76061D1}.Debug|Any CPU.Build.0 = Debug|Any CPU
		{6CE33C0E-04C8-472D-9CF5-B05BC76061D1}.Release|Any CPU.ActiveCfg = Release|Any CPU
		{6CE33C0E-04C8-472D-9CF5-B05BC76061D1}.Release|Any CPU.Build.0 = Release|Any CPU
		{4D00D12E-000C-4F86-9DD8-87DFD96783A0}.Debug|Any CPU.ActiveCfg = Debug|Any CPU
		{4D00D12E-000C-4F86-9DD8-87DFD96783A0}.Debug|Any CPU.Build.0 = Debug|Any CPU
		{4D00D12E-000C-4F86-9DD8-87DFD96783A0}.Release|Any CPU.ActiveCfg = Release|Any CPU
		{4D00D12E-000C-4F86-9DD8-87DFD96783A0}.Release|Any CPU.Build.0 = Release|Any CPU
	EndGlobalSection
	GlobalSection(SolutionProperties) = preSolution
		HideSolutionNode = FALSE
	EndGlobalSection
	GlobalSection(ExtensibilityGlobals) = postSolution
		SolutionGuid = {57A2ACC0-107C-48FE-9D74-18F4F0BA0B87}
	EndGlobalSection
EndGlobal
